// !$*UTF8*$!
{
	archiveVersion = 1;
	classes = {
	};
	objectVersion = 46;
	objects = {

/* Begin PBXBuildFile section */
		E407E80F1E3D66CE0004C310 /* linux.png in Resources */ = {isa = PBXBuildFile; fileRef = E407E80E1E3D66CE0004C310 /* linux.png */; };
		E407E8131E3D9F3B0004C310 /* VideoCell.swift in Sources */ = {isa = PBXBuildFile; fileRef = E407E8121E3D9F3B0004C310 /* VideoCell.swift */; };
		E407E8161E3D9FD60004C310 /* Extensions.swift in Sources */ = {isa = PBXBuildFile; fileRef = E407E8151E3D9FD60004C310 /* Extensions.swift */; };
		E407E8181E3DA0620004C310 /* MenuBar.swift in Sources */ = {isa = PBXBuildFile; fileRef = E407E8171E3DA0620004C310 /* MenuBar.swift */; };
		E41DEA811E3E508C00B0993C /* MenuCell.swift in Sources */ = {isa = PBXBuildFile; fileRef = E41DEA801E3E508C00B0993C /* MenuCell.swift */; };
		E41DEA831E3E522F00B0993C /* BaseCell.swift in Sources */ = {isa = PBXBuildFile; fileRef = E41DEA821E3E522F00B0993C /* BaseCell.swift */; };
		E487A1261E230ADD00EC752E /* AppDelegate.swift in Sources */ = {isa = PBXBuildFile; fileRef = E487A1251E230ADD00EC752E /* AppDelegate.swift */; };
		E487A1281E230ADD00EC752E /* HomeController.swift in Sources */ = {isa = PBXBuildFile; fileRef = E487A1271E230ADD00EC752E /* HomeController.swift */; };
		E487A12B1E230ADD00EC752E /* Main.storyboard in Resources */ = {isa = PBXBuildFile; fileRef = E487A1291E230ADD00EC752E /* Main.storyboard */; };
		E487A12D1E230ADD00EC752E /* Assets.xcassets in Resources */ = {isa = PBXBuildFile; fileRef = E487A12C1E230ADD00EC752E /* Assets.xcassets */; };
		E487A1301E230ADD00EC752E /* LaunchScreen.storyboard in Resources */ = {isa = PBXBuildFile; fileRef = E487A12E1E230ADD00EC752E /* LaunchScreen.storyboard */; };
		E487A13B1E230ADD00EC752E /* SwiftyTubeTests.swift in Sources */ = {isa = PBXBuildFile; fileRef = E487A13A1E230ADD00EC752E /* SwiftyTubeTests.swift */; };
		E487A1461E230ADD00EC752E /* SwiftyTubeUITests.swift in Sources */ = {isa = PBXBuildFile; fileRef = E487A1451E230ADD00EC752E /* SwiftyTubeUITests.swift */; };
/* End PBXBuildFile section */

/* Begin PBXContainerItemProxy section */
		E487A1371E230ADD00EC752E /* PBXContainerItemProxy */ = {
			isa = PBXContainerItemProxy;
			containerPortal = E487A11A1E230ADD00EC752E /* Project object */;
			proxyType = 1;
			remoteGlobalIDString = E487A1211E230ADD00EC752E;
			remoteInfo = SwiftyTube;
		};
		E487A1421E230ADD00EC752E /* PBXContainerItemProxy */ = {
			isa = PBXContainerItemProxy;
			containerPortal = E487A11A1E230ADD00EC752E /* Project object */;
			proxyType = 1;
			remoteGlobalIDString = E487A1211E230ADD00EC752E;
			remoteInfo = SwiftyTube;
		};
/* End PBXContainerItemProxy section */

/* Begin PBXFileReference section */
		E407E80E1E3D66CE0004C310 /* linux.png */ = {isa = PBXFileReference; lastKnownFileType = image.png; path = linux.png; sourceTree = "<group>"; };
		E407E8121E3D9F3B0004C310 /* VideoCell.swift */ = {isa = PBXFileReference; fileEncoding = 4; lastKnownFileType = sourcecode.swift; name = VideoCell.swift; path = View/VideoCell.swift; sourceTree = "<group>"; };
		E407E8151E3D9FD60004C310 /* Extensions.swift */ = {isa = PBXFileReference; fileEncoding = 4; lastKnownFileType = sourcecode.swift; name = Extensions.swift; path = Helpers/Extensions.swift; sourceTree = "<group>"; };
		E407E8171E3DA0620004C310 /* MenuBar.swift */ = {isa = PBXFileReference; fileEncoding = 4; lastKnownFileType = sourcecode.swift; name = MenuBar.swift; path = View/MenuBar.swift; sourceTree = "<group>"; };
		E41DEA801E3E508C00B0993C /* MenuCell.swift */ = {isa = PBXFileReference; fileEncoding = 4; lastKnownFileType = sourcecode.swift; name = MenuCell.swift; path = View/MenuCell.swift; sourceTree = "<group>"; };
		E41DEA821E3E522F00B0993C /* BaseCell.swift */ = {isa = PBXFileReference; fileEncoding = 4; lastKnownFileType = sourcecode.swift; name = BaseCell.swift; path = View/BaseCell.swift; sourceTree = "<group>"; };
		E487A1221E230ADD00EC752E /* SwiftyTube.app */ = {isa = PBXFileReference; explicitFileType = wrapper.application; includeInIndex = 0; path = SwiftyTube.app; sourceTree = BUILT_PRODUCTS_DIR; };
		E487A1251E230ADD00EC752E /* AppDelegate.swift */ = {isa = PBXFileReference; lastKnownFileType = sourcecode.swift; path = AppDelegate.swift; sourceTree = "<group>"; };
		E487A1271E230ADD00EC752E /* HomeController.swift */ = {isa = PBXFileReference; lastKnownFileType = sourcecode.swift; path = HomeController.swift; sourceTree = "<group>"; };
		E487A12A1E230ADD00EC752E /* Base */ = {isa = PBXFileReference; lastKnownFileType = file.storyboard; name = Base; path = Base.lproj/Main.storyboard; sourceTree = "<group>"; };
		E487A12C1E230ADD00EC752E /* Assets.xcassets */ = {isa = PBXFileReference; lastKnownFileType = folder.assetcatalog; path = Assets.xcassets; sourceTree = "<group>"; };
		E487A12F1E230ADD00EC752E /* Base */ = {isa = PBXFileReference; lastKnownFileType = file.storyboard; name = Base; path = Base.lproj/LaunchScreen.storyboard; sourceTree = "<group>"; };
		E487A1311E230ADD00EC752E /* Info.plist */ = {isa = PBXFileReference; lastKnownFileType = text.plist.xml; path = Info.plist; sourceTree = "<group>"; };
		E487A1361E230ADD00EC752E /* SwiftyTubeTests.xctest */ = {isa = PBXFileReference; explicitFileType = wrapper.cfbundle; includeInIndex = 0; path = SwiftyTubeTests.xctest; sourceTree = BUILT_PRODUCTS_DIR; };
		E487A13A1E230ADD00EC752E /* SwiftyTubeTests.swift */ = {isa = PBXFileReference; lastKnownFileType = sourcecode.swift; path = SwiftyTubeTests.swift; sourceTree = "<group>"; };
		E487A13C1E230ADD00EC752E /* Info.plist */ = {isa = PBXFileReference; lastKnownFileType = text.plist.xml; path = Info.plist; sourceTree = "<group>"; };
		E487A1411E230ADD00EC752E /* SwiftyTubeUITests.xctest */ = {isa = PBXFileReference; explicitFileType = wrapper.cfbundle; includeInIndex = 0; path = SwiftyTubeUITests.xctest; sourceTree = BUILT_PRODUCTS_DIR; };
		E487A1451E230ADD00EC752E /* SwiftyTubeUITests.swift */ = {isa = PBXFileReference; lastKnownFileType = sourcecode.swift; path = SwiftyTubeUITests.swift; sourceTree = "<group>"; };
		E487A1471E230ADD00EC752E /* Info.plist */ = {isa = PBXFileReference; lastKnownFileType = text.plist.xml; path = Info.plist; sourceTree = "<group>"; };
/* End PBXFileReference section */

/* Begin PBXFrameworksBuildPhase section */
		E487A11F1E230ADD00EC752E /* Frameworks */ = {
			isa = PBXFrameworksBuildPhase;
			buildActionMask = 2147483647;
			files = (
			);
			runOnlyForDeploymentPostprocessing = 0;
		};
		E487A1331E230ADD00EC752E /* Frameworks */ = {
			isa = PBXFrameworksBuildPhase;
			buildActionMask = 2147483647;
			files = (
			);
			runOnlyForDeploymentPostprocessing = 0;
		};
		E487A13E1E230ADD00EC752E /* Frameworks */ = {
			isa = PBXFrameworksBuildPhase;
			buildActionMask = 2147483647;
			files = (
			);
			runOnlyForDeploymentPostprocessing = 0;
		};
/* End PBXFrameworksBuildPhase section */

/* Begin PBXGroup section */
		E407E8101E3D9EEE0004C310 /* View */ = {
			isa = PBXGroup;
			children = (
				E407E8121E3D9F3B0004C310 /* VideoCell.swift */,
				E407E8171E3DA0620004C310 /* MenuBar.swift */,
				E41DEA801E3E508C00B0993C /* MenuCell.swift */,
				E41DEA821E3E522F00B0993C /* BaseCell.swift */,
			);
			name = View;
			sourceTree = "<group>";
		};
		E407E8111E3D9EF80004C310 /* Controller */ = {
			isa = PBXGroup;
			children = (
				E487A1271E230ADD00EC752E /* HomeController.swift */,
			);
			name = Controller;
			sourceTree = "<group>";
		};
		E407E8141E3D9F500004C310 /* Helpers */ = {
			isa = PBXGroup;
			children = (
				E407E8151E3D9FD60004C310 /* Extensions.swift */,
			);
			name = Helpers;
			sourceTree = "<group>";
		};
		E487A1191E230ADD00EC752E = {
			isa = PBXGroup;
			children = (
				E487A1241E230ADD00EC752E /* SwiftyTube */,
				E487A1391E230ADD00EC752E /* SwiftyTubeTests */,
				E487A1441E230ADD00EC752E /* SwiftyTubeUITests */,
				E487A1231E230ADD00EC752E /* Products */,
			);
			sourceTree = "<group>";
		};
		E487A1231E230ADD00EC752E /* Products */ = {
			isa = PBXGroup;
			children = (
				E487A1221E230ADD00EC752E /* SwiftyTube.app */,
				E487A1361E230ADD00EC752E /* SwiftyTubeTests.xctest */,
				E487A1411E230ADD00EC752E /* SwiftyTubeUITests.xctest */,
			);
			name = Products;
			sourceTree = "<group>";
		};
		E487A1241E230ADD00EC752E /* SwiftyTube */ = {
			isa = PBXGroup;
			children = (
				E407E8141E3D9F500004C310 /* Helpers */,
				E407E8101E3D9EEE0004C310 /* View */,
				E407E8111E3D9EF80004C310 /* Controller */,
				E487A1251E230ADD00EC752E /* AppDelegate.swift */,
				E487A1291E230ADD00EC752E /* Main.storyboard */,
				E487A12C1E230ADD00EC752E /* Assets.xcassets */,
				E487A12E1E230ADD00EC752E /* LaunchScreen.storyboard */,
				E407E80E1E3D66CE0004C310 /* linux.png */,
				E487A1311E230ADD00EC752E /* Info.plist */,
			);
			path = SwiftyTube;
			sourceTree = "<group>";
		};
		E487A1391E230ADD00EC752E /* SwiftyTubeTests */ = {
			isa = PBXGroup;
			children = (
				E487A13A1E230ADD00EC752E /* SwiftyTubeTests.swift */,
				E487A13C1E230ADD00EC752E /* Info.plist */,
			);
			path = SwiftyTubeTests;
			sourceTree = "<group>";
		};
		E487A1441E230ADD00EC752E /* SwiftyTubeUITests */ = {
			isa = PBXGroup;
			children = (
				E487A1451E230ADD00EC752E /* SwiftyTubeUITests.swift */,
				E487A1471E230ADD00EC752E /* Info.plist */,
			);
			path = SwiftyTubeUITests;
			sourceTree = "<group>";
		};
/* End PBXGroup section */

/* Begin PBXNativeTarget section */
		E487A1211E230ADD00EC752E /* SwiftyTube */ = {
			isa = PBXNativeTarget;
			buildConfigurationList = E487A14A1E230ADD00EC752E /* Build configuration list for PBXNativeTarget "SwiftyTube" */;
			buildPhases = (
				E487A11E1E230ADD00EC752E /* Sources */,
				E487A11F1E230ADD00EC752E /* Frameworks */,
				E487A1201E230ADD00EC752E /* Resources */,
			);
			buildRules = (
			);
			dependencies = (
			);
			name = SwiftyTube;
			productName = SwiftyTube;
			productReference = E487A1221E230ADD00EC752E /* SwiftyTube.app */;
			productType = "com.apple.product-type.application";
		};
		E487A1351E230ADD00EC752E /* SwiftyTubeTests */ = {
			isa = PBXNativeTarget;
			buildConfigurationList = E487A14D1E230ADD00EC752E /* Build configuration list for PBXNativeTarget "SwiftyTubeTests" */;
			buildPhases = (
				E487A1321E230ADD00EC752E /* Sources */,
				E487A1331E230ADD00EC752E /* Frameworks */,
				E487A1341E230ADD00EC752E /* Resources */,
			);
			buildRules = (
			);
			dependencies = (
				E487A1381E230ADD00EC752E /* PBXTargetDependency */,
			);
			name = SwiftyTubeTests;
			productName = SwiftyTubeTests;
			productReference = E487A1361E230ADD00EC752E /* SwiftyTubeTests.xctest */;
			productType = "com.apple.product-type.bundle.unit-test";
		};
		E487A1401E230ADD00EC752E /* SwiftyTubeUITests */ = {
			isa = PBXNativeTarget;
			buildConfigurationList = E487A1501E230ADD00EC752E /* Build configuration list for PBXNativeTarget "SwiftyTubeUITests" */;
			buildPhases = (
				E487A13D1E230ADD00EC752E /* Sources */,
				E487A13E1E230ADD00EC752E /* Frameworks */,
				E487A13F1E230ADD00EC752E /* Resources */,
			);
			buildRules = (
			);
			dependencies = (
				E487A1431E230ADD00EC752E /* PBXTargetDependency */,
			);
			name = SwiftyTubeUITests;
			productName = SwiftyTubeUITests;
			productReference = E487A1411E230ADD00EC752E /* SwiftyTubeUITests.xctest */;
			productType = "com.apple.product-type.bundle.ui-testing";
		};
/* End PBXNativeTarget section */

/* Begin PBXProject section */
		E487A11A1E230ADD00EC752E /* Project object */ = {
			isa = PBXProject;
			attributes = {
				LastSwiftUpdateCheck = 0820;
				LastUpgradeCheck = 0820;
				ORGANIZATIONNAME = "Sultan Sultan";
				TargetAttributes = {
					E487A1211E230ADD00EC752E = {
						CreatedOnToolsVersion = 8.2.1;
						ProvisioningStyle = Automatic;
					};
					E487A1351E230ADD00EC752E = {
						CreatedOnToolsVersion = 8.2.1;
						ProvisioningStyle = Automatic;
						TestTargetID = E487A1211E230ADD00EC752E;
					};
					E487A1401E230ADD00EC752E = {
						CreatedOnToolsVersion = 8.2.1;
						ProvisioningStyle = Automatic;
						TestTargetID = E487A1211E230ADD00EC752E;
					};
				};
			};
			buildConfigurationList = E487A11D1E230ADD00EC752E /* Build configuration list for PBXProject "SwiftyTube" */;
			compatibilityVersion = "Xcode 3.2";
			developmentRegion = English;
			hasScannedForEncodings = 0;
			knownRegions = (
				en,
				Base,
			);
			mainGroup = E487A1191E230ADD00EC752E;
			productRefGroup = E487A1231E230ADD00EC752E /* Products */;
			projectDirPath = "";
			projectRoot = "";
			targets = (
				E487A1211E230ADD00EC752E /* SwiftyTube */,
				E487A1351E230ADD00EC752E /* SwiftyTubeTests */,
				E487A1401E230ADD00EC752E /* SwiftyTubeUITests */,
			);
		};
/* End PBXProject section */

/* Begin PBXResourcesBuildPhase section */
		E487A1201E230ADD00EC752E /* Resources */ = {
			isa = PBXResourcesBuildPhase;
			buildActionMask = 2147483647;
			files = (
				E407E80F1E3D66CE0004C310 /* linux.png in Resources */,
				E487A1301E230ADD00EC752E /* LaunchScreen.storyboard in Resources */,
				E487A12D1E230ADD00EC752E /* Assets.xcassets in Resources */,
				E487A12B1E230ADD00EC752E /* Main.storyboard in Resources */,
			);
			runOnlyForDeploymentPostprocessing = 0;
		};
		E487A1341E230ADD00EC752E /* Resources */ = {
			isa = PBXResourcesBuildPhase;
			buildActionMask = 2147483647;
			files = (
			);
			runOnlyForDeploymentPostprocessing = 0;
		};
		E487A13F1E230ADD00EC752E /* Resources */ = {
			isa = PBXResourcesBuildPhase;
			buildActionMask = 2147483647;
			files = (
			);
			runOnlyForDeploymentPostprocessing = 0;
		};
/* End PBXResourcesBuildPhase section */

/* Begin PBXSourcesBuildPhase section */
		E487A11E1E230ADD00EC752E /* Sources */ = {
			isa = PBXSourcesBuildPhase;
			buildActionMask = 2147483647;
			files = (
				E487A1281E230ADD00EC752E /* HomeController.swift in Sources */,
				E487A1261E230ADD00EC752E /* AppDelegate.swift in Sources */,
				E41DEA811E3E508C00B0993C /* MenuCell.swift in Sources */,
				E407E8131E3D9F3B0004C310 /* VideoCell.swift in Sources */,
				E41DEA831E3E522F00B0993C /* BaseCell.swift in Sources */,
				E407E8161E3D9FD60004C310 /* Extensions.swift in Sources */,
				E407E8181E3DA0620004C310 /* MenuBar.swift in Sources */,
			);
			runOnlyForDeploymentPostprocessing = 0;
		};
		E487A1321E230ADD00EC752E /* Sources */ = {
			isa = PBXSourcesBuildPhase;
			buildActionMask = 2147483647;
			files = (
				E487A13B1E230ADD00EC752E /* SwiftyTubeTests.swift in Sources */,
			);
			runOnlyForDeploymentPostprocessing = 0;
		};
		E487A13D1E230ADD00EC752E /* Sources */ = {
			isa = PBXSourcesBuildPhase;
			buildActionMask = 2147483647;
			files = (
				E487A1461E230ADD00EC752E /* SwiftyTubeUITests.swift in Sources */,
			);
			runOnlyForDeploymentPostprocessing = 0;
		};
/* End PBXSourcesBuildPhase section */

/* Begin PBXTargetDependency section */
		E487A1381E230ADD00EC752E /* PBXTargetDependency */ = {
			isa = PBXTargetDependency;
			target = E487A1211E230ADD00EC752E /* SwiftyTube */;
			targetProxy = E487A1371E230ADD00EC752E /* PBXContainerItemProxy */;
		};
		E487A1431E230ADD00EC752E /* PBXTargetDependency */ = {
			isa = PBXTargetDependency;
			target = E487A1211E230ADD00EC752E /* SwiftyTube */;
			targetProxy = E487A1421E230ADD00EC752E /* PBXContainerItemProxy */;
		};
/* End PBXTargetDependency section */

/* Begin PBXVariantGroup section */
		E487A1291E230ADD00EC752E /* Main.storyboard */ = {
			isa = PBXVariantGroup;
			children = (
				E487A12A1E230ADD00EC752E /* Base */,
			);
			name = Main.storyboard;
			sourceTree = "<group>";
		};
		E487A12E1E230ADD00EC752E /* LaunchScreen.storyboard */ = {
			isa = PBXVariantGroup;
			children = (
				E487A12F1E230ADD00EC752E /* Base */,
			);
			name = LaunchScreen.storyboard;
			sourceTree = "<group>";
		};
/* End PBXVariantGroup section */

/* Begin XCBuildConfiguration section */
		E487A1481E230ADD00EC752E /* Debug */ = {
			isa = XCBuildConfiguration;
			buildSettings = {
				ALWAYS_SEARCH_USER_PATHS = NO;
				CLANG_ANALYZER_NONNULL = YES;
				CLANG_CXX_LANGUAGE_STANDARD = "gnu++0x";
				CLANG_CXX_LIBRARY = "libc++";
				CLANG_ENABLE_MODULES = YES;
				CLANG_ENABLE_OBJC_ARC = YES;
				CLANG_WARN_BOOL_CONVERSION = YES;
				CLANG_WARN_CONSTANT_CONVERSION = YES;
				CLANG_WARN_DIRECT_OBJC_ISA_USAGE = YES_ERROR;
				CLANG_WARN_DOCUMENTATION_COMMENTS = YES;
				CLANG_WARN_EMPTY_BODY = YES;
				CLANG_WARN_ENUM_CONVERSION = YES;
				CLANG_WARN_INFINITE_RECURSION = YES;
				CLANG_WARN_INT_CONVERSION = YES;
				CLANG_WARN_OBJC_ROOT_CLASS = YES_ERROR;
				CLANG_WARN_SUSPICIOUS_MOVE = YES;
				CLANG_WARN_UNREACHABLE_CODE = YES;
				CLANG_WARN__DUPLICATE_METHOD_MATCH = YES;
				"CODE_SIGN_IDENTITY[sdk=iphoneos*]" = "iPhone Developer";
				COPY_PHASE_STRIP = NO;
				DEBUG_INFORMATION_FORMAT = dwarf;
				ENABLE_STRICT_OBJC_MSGSEND = YES;
				ENABLE_TESTABILITY = YES;
				GCC_C_LANGUAGE_STANDARD = gnu99;
				GCC_DYNAMIC_NO_PIC = NO;
				GCC_NO_COMMON_BLOCKS = YES;
				GCC_OPTIMIZATION_LEVEL = 0;
				GCC_PREPROCESSOR_DEFINITIONS = (
					"DEBUG=1",
					"$(inherited)",
				);
				GCC_WARN_64_TO_32_BIT_CONVERSION = YES;
				GCC_WARN_ABOUT_RETURN_TYPE = YES_ERROR;
				GCC_WARN_UNDECLARED_SELECTOR = YES;
				GCC_WARN_UNINITIALIZED_AUTOS = YES_AGGRESSIVE;
				GCC_WARN_UNUSED_FUNCTION = YES;
				GCC_WARN_UNUSED_VARIABLE = YES;
				IPHONEOS_DEPLOYMENT_TARGET = 10.2;
				MTL_ENABLE_DEBUG_INFO = YES;
				ONLY_ACTIVE_ARCH = YES;
				SDKROOT = iphoneos;
				SWIFT_ACTIVE_COMPILATION_CONDITIONS = DEBUG;
				SWIFT_OPTIMIZATION_LEVEL = "-Onone";
			};
			name = Debug;
		};
		E487A1491E230ADD00EC752E /* Release */ = {
			isa = XCBuildConfiguration;
			buildSettings = {
				ALWAYS_SEARCH_USER_PATHS = NO;
				CLANG_ANALYZER_NONNULL = YES;
				CLANG_CXX_LANGUAGE_STANDARD = "gnu++0x";
				CLANG_CXX_LIBRARY = "libc++";
				CLANG_ENABLE_MODULES = YES;
				CLANG_ENABLE_OBJC_ARC = YES;
				CLANG_WARN_BOOL_CONVERSION = YES;
				CLANG_WARN_CONSTANT_CONVERSION = YES;
				CLANG_WARN_DIRECT_OBJC_ISA_USAGE = YES_ERROR;
				CLANG_WARN_DOCUMENTATION_COMMENTS = YES;
				CLANG_WARN_EMPTY_BODY = YES;
				CLANG_WARN_ENUM_CONVERSION = YES;
				CLANG_WARN_INFINITE_RECURSION = YES;
				CLANG_WARN_INT_CONVERSION = YES;
				CLANG_WARN_OBJC_ROOT_CLASS = YES_ERROR;
				CLANG_WARN_SUSPICIOUS_MOVE = YES;
				CLANG_WARN_UNREACHABLE_CODE = YES;
				CLANG_WARN__DUPLICATE_METHOD_MATCH = YES;
				"CODE_SIGN_IDENTITY[sdk=iphoneos*]" = "iPhone Developer";
				COPY_PHASE_STRIP = NO;
				DEBUG_INFORMATION_FORMAT = "dwarf-with-dsym";
				ENABLE_NS_ASSERTIONS = NO;
				ENABLE_STRICT_OBJC_MSGSEND = YES;
				GCC_C_LANGUAGE_STANDARD = gnu99;
				GCC_NO_COMMON_BLOCKS = YES;
				GCC_WARN_64_TO_32_BIT_CONVERSION = YES;
				GCC_WARN_ABOUT_RETURN_TYPE = YES_ERROR;
				GCC_WARN_UNDECLARED_SELECTOR = YES;
				GCC_WARN_UNINITIALIZED_AUTOS = YES_AGGRESSIVE;
				GCC_WARN_UNUSED_FUNCTION = YES;
				GCC_WARN_UNUSED_VARIABLE = YES;
				IPHONEOS_DEPLOYMENT_TARGET = 10.2;
				MTL_ENABLE_DEBUG_INFO = NO;
				SDKROOT = iphoneos;
				SWIFT_OPTIMIZATION_LEVEL = "-Owholemodule";
				VALIDATE_PRODUCT = YES;
			};
			name = Release;
		};
		E487A14B1E230ADD00EC752E /* Debug */ = {
			isa = XCBuildConfiguration;
			buildSettings = {
				ASSETCATALOG_COMPILER_APPICON_NAME = AppIcon;
				INFOPLIST_FILE = SwiftyTube/Info.plist;
				LD_RUNPATH_SEARCH_PATHS = "$(inherited) @executable_path/Frameworks";
				PRODUCT_BUNDLE_IDENTIFIER = com.elerris.SwiftyTube;
				PRODUCT_NAME = "$(TARGET_NAME)";
				SWIFT_VERSION = 3.0;
			};
			name = Debug;
		};
		E487A14C1E230ADD00EC752E /* Release */ = {
			isa = XCBuildConfiguration;
			buildSettings = {
				ASSETCATALOG_COMPILER_APPICON_NAME = AppIcon;
				INFOPLIST_FILE = SwiftyTube/Info.plist;
				LD_RUNPATH_SEARCH_PATHS = "$(inherited) @executable_path/Frameworks";
				PRODUCT_BUNDLE_IDENTIFIER = com.elerris.SwiftyTube;
				PRODUCT_NAME = "$(TARGET_NAME)";
				SWIFT_VERSION = 3.0;
			};
			name = Release;
		};
		E487A14E1E230ADD00EC752E /* Debug */ = {
			isa = XCBuildConfiguration;
			buildSettings = {
				ALWAYS_EMBED_SWIFT_STANDARD_LIBRARIES = YES;
				BUNDLE_LOADER = "$(TEST_HOST)";
				INFOPLIST_FILE = SwiftyTubeTests/Info.plist;
				LD_RUNPATH_SEARCH_PATHS = "$(inherited) @executable_path/Frameworks @loader_path/Frameworks";
				PRODUCT_BUNDLE_IDENTIFIER = com.elerris.SwiftyTubeTests;
				PRODUCT_NAME = "$(TARGET_NAME)";
				SWIFT_VERSION = 3.0;
				TEST_HOST = "$(BUILT_PRODUCTS_DIR)/SwiftyTube.app/SwiftyTube";
			};
			name = Debug;
		};
		E487A14F1E230ADD00EC752E /* Release */ = {
			isa = XCBuildConfiguration;
			buildSettings = {
				ALWAYS_EMBED_SWIFT_STANDARD_LIBRARIES = YES;
				BUNDLE_LOADER = "$(TEST_HOST)";
				INFOPLIST_FILE = SwiftyTubeTests/Info.plist;
				LD_RUNPATH_SEARCH_PATHS = "$(inherited) @executable_path/Frameworks @loader_path/Frameworks";
				PRODUCT_BUNDLE_IDENTIFIER = com.elerris.SwiftyTubeTests;
				PRODUCT_NAME = "$(TARGET_NAME)";
				SWIFT_VERSION = 3.0;
				TEST_HOST = "$(BUILT_PRODUCTS_DIR)/SwiftyTube.app/SwiftyTube";
			};
			name = Release;
		};
		E487A1511E230ADD00EC752E /* Debug */ = {
			isa = XCBuildConfiguration;
			buildSettings = {
				ALWAYS_EMBED_SWIFT_STANDARD_LIBRARIES = YES;
				INFOPLIST_FILE = SwiftyTubeUITests/Info.plist;
				LD_RUNPATH_SEARCH_PATHS = "$(inherited) @executable_path/Frameworks @loader_path/Frameworks";
				PRODUCT_BUNDLE_IDENTIFIER = com.elerris.SwiftyTubeUITests;
				PRODUCT_NAME = "$(TARGET_NAME)";
				SWIFT_VERSION = 3.0;
				TEST_TARGET_NAME = SwiftyTube;
			};
			name = Debug;
		};
		E487A1521E230ADD00EC752E /* Release */ = {
			isa = XCBuildConfiguration;
			buildSettings = {
				ALWAYS_EMBED_SWIFT_STANDARD_LIBRARIES = YES;
				INFOPLIST_FILE = SwiftyTubeUITests/Info.plist;
				LD_RUNPATH_SEARCH_PATHS = "$(inherited) @executable_path/Frameworks @loader_path/Frameworks";
				PRODUCT_BUNDLE_IDENTIFIER = com.elerris.SwiftyTubeUITests;
				PRODUCT_NAME = "$(TARGET_NAME)";
				SWIFT_VERSION = 3.0;
				TEST_TARGET_NAME = SwiftyTube;
			};
			name = Release;
		};
/* End XCBuildConfiguration section */

/* Begin XCConfigurationList section */
		E487A11D1E230ADD00EC752E /* Build configuration list for PBXProject "SwiftyTube" */ = {
			isa = XCConfigurationList;
			buildConfigurations = (
				E487A1481E230ADD00EC752E /* Debug */,
				E487A1491E230ADD00EC752E /* Release */,
			);
			defaultConfigurationIsVisible = 0;
			defaultConfigurationName = Release;
		};
		E487A14A1E230ADD00EC752E /* Build configuration list for PBXNativeTarget "SwiftyTube" */ = {
			isa = XCConfigurationList;
			buildConfigurations = (
				E487A14B1E230ADD00EC752E /* Debug */,
				E487A14C1E230ADD00EC752E /* Release */,
			);
			defaultConfigurationIsVisible = 0;
			defaultConfigurationName = Release;
		};
		E487A14D1E230ADD00EC752E /* Build configuration list for PBXNativeTarget "SwiftyTubeTests" */ = {
			isa = XCConfigurationList;
			buildConfigurations = (
				E487A14E1E230ADD00EC752E /* Debug */,
				E487A14F1E230ADD00EC752E /* Release */,
			);
			defaultConfigurationIsVisible = 0;
			defaultConfigurationName = Release;
		};
		E487A1501E230ADD00EC752E /* Build configuration list for PBXNativeTarget "SwiftyTubeUITests" */ = {
			isa = XCConfigurationList;
			buildConfigurations = (
				E487A1511E230ADD00EC752E /* Debug */,
				E487A1521E230ADD00EC752E /* Release */,
			);
			defaultConfigurationIsVisible = 0;
			defaultConfigurationName = Release;
		};
/* End XCConfigurationList section */
	};
	rootObject = E487A11A1E230ADD00EC752E /* Project object */;
}
